{
  "name": "study-master",
  "version": "1.0.0",
  "lockfileVersion": 3,
  "requires": true,
  "packages": {
    "": {
      "name": "study-master",
      "version": "1.0.0",
      "private": true,
      "dependencies": {
        "@google/genai": "^1.13.0",
        "react": "^19.1.1",
        "react-dom": "^19.1.1"
      },
      "devDependencies": {
        "@types/react": "^18.3.3",
        "@types/react-dom": "^18.3.0",
        "@vitejs/plugin-react": "^4.3.1",
        "typescript": "^5.5.3",
        "vite": "^5.3.4"
      }
    },
    "node_modules/@google/genai": {
      "version": "1.13.0",
      "resolved": "https://registry.npmjs.org/@google/genai/-/genai-1.13.0.tgz",
      "integrity": "sha512-40R6g5w3BbrAFlLcGgrvC1/D9Ce4aGsnxbKaLp7IqA2l/R0E+0NaWzW2uC+bV+0yYvI/0xWhrDU194QYd0aW3A==",
      "dependencies": {
        "cross-fetch": "^4.0.0"
      },
      "engines": {
        "node": ">=18.0.0"
      }
    },
    "node_modules/@types/node": {
      "version": "20.14.10",
      "resolved": "https://registry.npmjs.org/@types/node/-/node-20.14.10.tgz",
      "integrity": "sha512-MdiXf+nMW5CjIO3L+V8K2YqCS3f6ys/Q+i4lcC2vRXZ1llh8VOFBYl3nF/cMh2x2FylrIq22/x8T+304rWKF/A==",
      "dev": true,
      "dependencies": {
        "undici-types": "~5.26.4"
      }
    },
    "node_modules/@types/prop-types": {
      "version": "15.7.12",
      "resolved": "https://registry.npmjs.org/@types/prop-types/-/prop-types-15.7.12.tgz",
      "integrity": "sha512-5zvhXYS3icfN1wSU2DDUi3sUKpKRp+1S32ms6Y4OPIOYwBqAUADsK7E4wV3SAbvT9T4c3J4H1wUnrQG40gq+ew==",
      "dev": true
    },
    "node_modules/@types/react": {
      "version": "18.3.3",
      "resolved": "https://registry.npmjs.org/@types/react/-/react-18.3.3.tgz",
      "integrity": "sha512-hti/R0pS0q1/xx+TsI73AbQRVoeKMIgmyDNeexwAAYcv3bAq+gvD/I9+g32VstfG1MhG+OhfsVn2/Kx8j+36pA==",
      "dev": true,
      "dependencies": {
        "@types/prop-types": "*",
        "csstype": "^3.0.2"
      }
    },
    "node_modules/@types/react-dom": {
      "version": "18.3.0",
      "resolved": "https://registry.npmjs.org/@types/react-dom/-/react-dom-18.3.0.tgz",
      "integrity": "sha512-dZpPs4rvo3fLG7k4K2umE2B1R34w2Y9f2bL3ng8BwVlL0mk+dQ9P0qdsRAnRiWj2E1h5i+aHQYx26V02/v4qRg==",
      "dev": true,
      "dependencies": {
        "@types/react": "*"
      }
    },
    "node_modules/@vitejs/plugin-react": {
      "version": "4.3.1",
      "resolved": "https://registry.npmjs.org/@vitejs/plugin-react/-/plugin-react-4.3.1.tgz",
      "integrity": "sha512-y2rvA7pU6DqkS+iYI0mV3aLz48iA56n+GzIuDqbeu2skTsszBFP9x2HtTfGjxp05lGg9aMh3PKhvSXdJd9p20g==",
      "dev": true,
      "dependencies": {
        "@types/node": "^20.11.24",
        "semver": "^7.5.4"
      },
      "peerDependencies": {
        "react": ">=16.8.0",
        "vite": "^4.2.0 || ^5.0.0"
      }
    },
    "node_modules/cross-fetch": {
      "version": "4.0.0",
      "resolved": "https://registry.npmjs.org/cross-fetch/-/cross-fetch-4.0.0.tgz",
      "integrity": "sha512-N4em93y3caeOw5Wp9xGv7aMymMps8u2b+CH4y5js2s352IWWfIyQj0y6VIoEsxPWL2nhbKYTcaEDrI0dC3sxIw==",
      "dependencies": {
        "node-fetch": "2.7.0"
      }
    },
    "node_modules/csstype": {
      "version": "3.1.3",
      "resolved": "https://registry.npmjs.org/csstype/-/csstype-3.1.3.tgz",
      "integrity": "sha512-M1uQkMl8rQK/szD0LNhtcwLyFjvLIiQdTE8f+AgEhMw8iBTYGods6/aG33gE466zTMcN5RErK9HIvjB2FhY4Pg==",
      "dev": true
    },
    "node_modules/js-tokens": {
      "version": "4.0.0",
      "resolved": "https://registry.npmjs.org/js-tokens/-/js-tokens-4.0.0.tgz",
      "integrity": "sha512-RdJUflcE3cUzKiMqQgsCu06FPu9UdIJO0beYbPhHN4k6apgJtifcoCtT9bcxOpYBtpD2kCM6Sbzg4CausW/PKQ==",
      "dev": true
    },
    "node_modules/loose-envify": {
      "version": "1.4.0",
      "resolved": "https://registry.npmjs.org/loose-envify/-/loose-envify-1.4.0.tgz",
      "integrity": "sha512-lyuxPGr/Wfhrlem2CL/UcnUc1zcqKAImBDzukY7Y5F/yQiNdko6+fRLevlw1HgMySw7f611UIY408EtxRSoK3Q==",
      "dev": true,
      "dependencies": {
        "js-tokens": "^3.0.0 || ^4.0.0"
      },
      "bin": {
        "loose-envify": "cli.js"
      }
    },
    "node_modules/lru-cache": {
      "version": "6.0.0",
      "resolved": "https://registry.npmjs.org/lru-cache/-/lru-cache-6.0.0.tgz",
      "integrity": "sha512-Jo6dJ04CmSjuznwJSS3pUeWmd/H0ffTlkXXgwne+Ek13fVF55+HL6vwaoLbZH4GIIh+fpSba4aBanyMWjOkw_g==",
      "dev": true,
      "dependencies": {
        "yallist": "^4.0.0"
      },
      "engines": {
        "node": ">=10"
      }
    },
    "node_modules/react": {
      "version": "19.1.1",
      "resolved": "https://registry.npmjs.org/react/-/react-19.1.1.tgz",
      "integrity": "sha512-j6gBfYUyk0gEM2+23c21Fw27iYnw/G+QeU19xAqh9q04V2oV5E0kEa8M6763n2X1iY4+5Q21tT8/lbu38y+jQ==",
      "dependencies": {
        "loose-envify": "^1.1.0",
        "react-transport-dom-webpack": "19.1.1-beta-26f249609-20240514"
      },
      "engines": {
        "node": ">=18.0.0"
      },
      "peerDependencies": {
        "react-server": "19.1.1-beta-26f249609-20240514"
      },
      "peerDependenciesMeta": {
        "react-server": {
          "optional": true
        }
      }
    },
    "node_modules/react-dom": {
      "version": "19.1.1",
      "resolved": "https://registry.npmjs.org/react-dom/-/react-dom-19.1.1.tgz",
      "integrity": "sha512-oHhEpxp7jSDEj+7FmOaQOMLC2yW9p44KzC9g1U8l1o1D4a12xJzEa/mXp77nKcFbH6I43AnSCgnsyK69w==",
      "dependencies": {
        "loose-envify": "^1.1.0",
        "react-transport-dom-webpack": "19.1.1-beta-26f249609-20240514"
      },
      "engines": {
        "node": ">=18.0.0"
      },
      "peerDependencies": {
        "react": "19.1.1"
      }
    },
    "node_modules/semver": {
      "version": "7.6.3",
      "resolved": "https://registry.npmjs.org/semver/-/semver-7.6.3.tgz",
      "integrity": "sha512-L99mH13avv7s5iXHoIpyi/330k8p23TAGaj262T7r2hXMM68F3IrfZ8T/CAtU8xGijw+29P1yrQ3/z5j9LMPYA==",
      "dev": true,
      "dependencies": {
        "lru-cache": "^6.0.0"
      },
      "bin": {
        "semver": "bin/semver.js"
      },
      "engines": {
        "node": ">=10"
      }
    },
    "node_modules/typescript": {
      "version": "5.5.3",
      "resolved": "https://registry.npmjs.org/typescript/-/typescript-5.5.3.tgz",
      "integrity": "sha512-UMr+t9SS3v20iRtyCwVp5+iBvMruaoMyk54fH/8ppd9I+T19KzJLSrw2yv7ZHPGPGXTCb/HeB2G/ok5g+mBv+g==",
      "dev": true,
      "bin": {
        "tsc": "bin/tsc",
        "tsserver": "bin/tsserver"
      },
      "engines": {
        "node": ">=14.17"
      }
    },
    "node_modules/undici-types": {
      "version": "5.26.5",
      "resolved": "https://registry.npmjs.org/undici-types/-/undici-types-5.26.5.tgz",
      "integrity": "sha512-JlCMO+ehdEIKqlFxk6IfVoAUVmgz7cU7zD/h9XZ0qzeosSHmUJVOzSQvvYSYWXkFXC+IfLKSIffhv0sVZup6pA==",
      "dev": true
    },
    "node_modules/vite": {
      "version": "5.3.4",
      "resolved": "https://registry.npmjs.org/vite/-/vite-5.3.4.tgz",
      "integrity": "sha512-Y1+N5U5+gQ20tSNAlL+3WpQxIJq2xKj9K+dw+WZuO50yY+87dDBjI9t7MbyD1w+TQI3F93WjR9LpT9R/54qKew==",
      "dev": true,
      "dependencies": {
        "esbuild": "^0.21.3",
        "postcss": "^8.4.38",
        "resolve.exports": "^2.0.2",
        "rollup": "^4.18.0"
      },
      "bin": {
        "vite": "bin/vite.js"
      },
      "engines": {
        "node": "^18.0.0 || >=20.0.0"
      },
      "funding": {
        "url": "https://github.com/sponsors/yyx990803"
      },
      "optionalDependencies": {
        "fsevents": "~2.3.3"
      },
      "peerDependencies": {
        "@types/node": ">=18.0.0",
        "sass": "*",
        "stylus": "*",
        "sugarss": "*",
        "terser": "^5.4.0"
      },
      "peerDependenciesMeta": {
        "@types/node": {
          "optional": true
        },
        "sass": {
          "optional": true
        },
        "stylus": {
          "optional": true
        },
        "sugarss": {
          "optional": true
        },
        "terser": {
          "optional": true
        }
      }
    },
    "node_modules/yallist": {
      "version": "4.0.0",
      "resolved": "https://registry.npmjs.org/yallist/-/yallist-4.0.0.tgz",
      "integrity": "sha512-3wdGidZyq5PAVflMs4DuneuOA7O7KcBJsLtLpJ+EQ2AbVYxLE2B+mh2gp3LgkWZ6c3Hae8XTEoB5+mA44TVuaQ==",
      "dev": true
    }
  }
}