{
  "name": "study-master",
  "version": "1.0.0",
  "lockfileVersion": 3,
  "requires": true,
  "packages": {
    "": {
      "name": "study-master",
      "version": "1.0.0",
      "private": true,
      "dependencies": {
        "@google/genai": "^1.13.0",
        "react": "^19.1.1",
        "react-dom": "^19.1.1"
      },
      "devDependencies": {
        "@types/react": "^18.3.3",
        "@types/react-dom": "^18.3.0",
        "@vitejs/plugin-react": "^4.3.1",
        "typescript": "^5.5.3",
        "vite": "^5.3.4"
      }
    },
    "node_modules/@google/genai": {
      "version": "1.13.0",
      "resolved": "https://registry.npmjs.org/@google/genai/-/genai-1.13.0.tgz",
      "integrity": "sha512-40R6g5w3BbrAFlLcGgrvC1/D9Ce4aGsnxbKaLp7IqA2l/R0E+0NaWzW2uC+bV+0yYvI/0xWhrDU194QYd0aW3A==",
      "dependencies": {
        "cross-fetch": "^4.0.0"
      },
      "engines": {
        "node": ">=18.0.0"
      }
    },
    "node_modules/@types/node": {
      "version": "20.14.10",
      "resolved": "https://registry.npmjs.org/@types/node/-/node-20.14.10.tgz",
      "integrity": "sha512-MdiXf+nMW5CjIO3L+V8K2YqCS3f6ys/Q+i4lcC2vRXZ1llh8VOFBYl3nF/cMh2x2FylrIq22/x8T+304rWKF/A==",
      "dev": true,
      "dependencies": {
        "undici-types": "~5.26.4"
      }
    },
    "node_modules/@types/prop-types": {
      "version": "15.7.12",
      "resolved": "https://registry.npmjs.org/@types/prop-types/-/prop-types-15.7.12.tgz",
      "integrity": "sha512-5zvhXYS3icfN1wSU2DDUi3sUKpKRp+1S32ms6Y4OPIOYwBqAUADsK7E4wV3SAbvT9T4c3J4H1wUnrQG40gq+ew==",
      "dev": true
    },
    "node_modules/@types/react": {
      "version": "18.3.3",
      "resolved": "https://registry.npmjs.org/@types/react/-/react-18.3.3.tgz",
      "integrity": "sha512-hti/R0pS0q1/xx+TsI73AbQRVoeKMIgmyDNeexwAAYcv3bAq+gvD/I9+g32VstfG1MhG+OhfsVn2/Kx8j+36pA==",
      "dev": true,
      "dependencies": {
        "@types/prop-types": "*",
        "csstype": "^3.0.2"
      }
    },
    "node_modules/@types/react-dom": {
      "version": "18.3.0",
      "resolved": "https://registry.npmjs.org/@types/react-dom/-/react-dom-18.3.0.tgz",
      "integrity": "sha512-dZpPs4rvo3fLG7k4K2umE2B1R34w2Y9f2bL3ng8BwVlL0mk+dQ9P0qdsRAnRiWj2E1h5i+aHQYx26V02/v4qRg==",
      "dev": true,
      "dependencies": {
        "@types/react": "*"
      }
    },
    "node_modules/@vitejs/plugin-react": {
      "version": "4.3.1",
      "resolved": "https://registry.npmjs.org/@vitejs/plugin-react/-/plugin-react-4.3.1.tgz",
      "integrity": "sha512-y2rvA7pU6DqkS+iYI0mV3aLz48iA56n+GzIuDqbeu2skTsszBFP9x2HtTfGjxp05lGg9aMh3PKhvSXdJd9p20g==",
      "dev": true,
      "dependencies": {
        "@types/node": "^20.11.24",
        "semver": "^7.5.4"
      },
      "peerDependencies": {
        "react": ">=16.8.0",
        "vite": "^4.2.0 || ^5.0.0"
      }
    },
    "node_modules/cross-fetch": {
      "version": "4.0.0",
      "resolved": "https://registry.npmjs.org/cross-fetch/-/cross-fetch-4.0.0.tgz",
      "integrity": "sha512-N4em93y3caeOw5Wp9xGv7aMymMps8u2b+CH4y5js2s352IWWfIyQj0y6VIoEsxPWL2nhbKYTcaEDrI0dC3sxIw==",
      "dependencies": {
        "node-fetch": "2.7.0"
      }
    },
    "node_modules/csstype": {
      "version": "3.1.3",
      "resolved": "https://registry.npmjs.org/csstype/-/csstype-3.1.3.tgz",
      "integrity": "sha512-M1uQkMl8rQK/szD0LNhtcwLyFjvLIiQdTE8f+AgEhMw8iBTYGods6/aG33gE466zTMcN5RErK9HIvjB2FhY4Pg==",
      "dev": true
    },
    "node_modules/esbuild": {
      "version": "0.21.5",
      "resolved": "https://registry.npmjs.org/esbuild/-/esbuild-0.21.5.tgz",
      "integrity": "sha512-x28i2a3Y4YqenhI2uP5Hh/2v2P6JmJ3DMo8PA/iJ/B0l3r2xPshflJ3o8HlJdG9H6DkM3erFImbMuYdlDGY2pA==",
      "dev": true,
      "hasInstallScript": true,
      "bin": {
        "esbuild": "bin/esbuild"
      },
      "engines": {
        "node": ">=12"
      },
      "optionalDependencies": {
        "@esbuild/android-arm": "0.21.5",
        "@esbuild/android-arm64": "0.21.5",
        "@esbuild/android-x64": "0.21.5",
        "@esbuild/darwin-arm64": "0.21.5",
        "@esbuild/darwin-x64": "0.21.5",
        "@esbuild/freebsd-arm64": "0.21.5",
        "@esbuild/freebsd-x64": "0.21.5",
        "@esbuild/linux-arm": "0.21.5",
        "uncommitted": "node_modules/@esbuild/linux-arm64",
        "@esbuild/linux-arm64": "0.21.5",
        "uncommitted": "node_modules/@esbuild/linux-ia32",
        "@esbuild/linux-ia32": "0.21.5",
        "uncommitted": "node_modules/@esbuild/linux-loong64",
        "@esbuild/linux-loong64": "0.21.5",
        "uncommitted": "node_modules/@esbuild/linux-mips64el",
        "@esbuild/linux-mips64el": "0.21.5",
        "uncommitted": "node_modules/@esbuild/linux-ppc64",
        "@esbuild/linux-ppc64": "0.21.5",
        "uncommitted": "node_modules/@esbuild/linux-riscv64",
        "@esbuild/linux-riscv64": "0.21.5",
        "uncommitted": "node_modules/@esbuild/linux-s390x",
        "@esbuild/linux-s390x": "0.21.5",
        "uncommitted": "node_modules/@esbuild/linux-x64",
        "@esbuild/linux-x64": "0.21.5",
        "uncommitted": "node_modules/@esbuild/netbsd-x64",
        "@esbuild/netbsd-x64": "0.21.5",
        "uncommitted": "node_modules/@esbuild/openbsd-x64",
        "@esbuild/openbsd-x64": "0.21.5",
        "uncommitted": "node_modules/@esbuild/sunos-x64",
        "@esbuild/sunos-x64": "0.21.5",
        "uncommitted": "node_modules/@esbuild/win32-arm64",
        "@esbuild/win32-arm64": "0.21.5",
        "uncommitted": "node_modules/@esbuild/win32-ia32",
        "@esbuild/win32-ia32": "0.21.5",
        "uncommitted": "node_modules/@esbuild/win32-x64",
        "@esbuild/win32-x64": "0.21.5"
      }
    },
    "node_modules/fsevents": {
      "version": "2.3.3",
      "resolved": "https://registry.npmjs.org/fsevents/-/fsevents-2.3.3.tgz",
      "integrity": "sha512-5rrqanwRTSOKGQjpincIG3Rsv+IPK6cIOJGLh80o43cIbuw2IhasBf5i5K4B0da53IhpSVAS2u+tA5p4adW/QA==",
      "dev": true,
      "hasInstallScript": true,
      "optional": true,
      "os": [
        "darwin"
      ],
      "engines": {
        "node": "^8.16.0 || ^10.6.0 || >=11.0.0"
      }
    },
    "node_modules/js-tokens": {
      "version": "4.0.0",
      "resolved": "https://registry.npmjs.org/js-tokens/-/js-tokens-4.0.0.tgz",
      "integrity": "sha512-RdJUflcE3cUzKiMqQgsCu06FPu9UdIJO0beYbPhHN4k6apgJtifcoCtT9bcxOpYBtpD2kCM6Sbzg4CausW/PKQ=="
    },
    "node_modules/loose-envify": {
      "version": "1.4.0",
      "resolved": "https://registry.npmjs.org/loose-envify/-/loose-envify-1.4.0.tgz",
      "integrity": "sha512-lyuxPGr/Wfhrlem2CL/UcnUc1zcqKAImBDzukY7Y5F/yQiNdko6+fRLevlw1HgMySw7f611UIY408EtxRSoK3Q==",
      "dependencies": {
        "js-tokens": "^3.0.0 || ^4.0.0"
      },
      "bin": {
        "loose-envify": "cli.js"
      }
    },
    "node_modules/lru-cache": {
      "version": "6.0.0",
      "resolved": "https://registry.npmjs.org/lru-cache/-/lru-cache-6.0.0.tgz",
      "integrity": "sha512-Jo6dJ04CmSjuznwJSS3pUeWmd/H0ffTlkXXgwne+Ek13fVF55+HL6vwaoLbZH4GIIh+fpSba4aBanyMWjOkw_g==",
      "dev": true,
      "dependencies": {
        "yallist": "^4.0.0"
      },
      "engines": {
        "node": ">=10"
      }
    },
    "node_modules/nanoid": {
      "version": "3.3.7",
      "resolved": "https://registry.npmjs.org/nanoid/-/nanoid-3.3.7.tgz",
      "integrity": "sha512-eSP3b_ff3j46s2iBkNihgSKD9CDBv3TnyYiL14e98sinYLAi1k41yQXBw2s03c52o5x2L1P0gG1aG1R0O5w2Yw==",
      "dev": true,
      "bin": {
        "nanoid": "bin/nanoid.js"
      },
      "engines": {
        "node": "^10 || ^12 || ^13.7 || ^14 || >=15.0.1"
      }
    },
    "node_modules/node-fetch": {
      "version": "2.7.0",
      "resolved": "https://registry.npmjs.org/node-fetch/-/node-fetch-2.7.0.tgz",
      "integrity": "sha512-c4FRfUm/MiRseuxM6e2JScGFbEM0s2wvk2S+b41syDPOQflSg1NJlCuA7Ym5wYkIqCDd4+3aSR1K1FAG2/nSDA==",
      "dependencies": {
        "whatwg-url": "^5.0.0"
      },
      "engines": {
        "node": "4.x || >=6.0.0"
      },
      "peerDependencies": {
        "encoding": "^0.1.0"
      },
      "peerDependenciesMeta": {
        "encoding": {
          "optional": true
        }
      }
    },
    "node_modules/picocolors": {
      "version": "1.0.1",
      "resolved": "https://registry.npmjs.org/picocolors/-/picocolors-1.0.1.tgz",
      "integrity": "sha512-anQDJ0D0KigB+1MAz+Nviy3c2yQe9abT2kS2024CtKy29lO3i2iTf0dI99zSgr4z+H33kHcfdI4iQpoh9/w3g==",
      "dev": true
    },
    "node_modules/postcss": {
      "version": "8.4.39",
      "resolved": "https://registry.npmjs.org/postcss/-/postcss-8.4.39.tgz",
      "integrity": "sha512-y2K26Atx5aMNe36az5j3n6n3o/93J28E6Ie9dEXD/ckTJNkBrR8d5o1dJgW2CImjL0h8BsAyrxYy9m21GvHn2g==",
      "dev": true,
      "dependencies": {
        "nanoid": "^3.3.7",
        "picocolors": "^1.0.0",
        "source-map-js": "^1.2.0"
      },
      "engines": {
        "node": "^12.0 || ^14.0 || >=16.0"
      },
      "funding": {
        "type": "opencollective",
        "url": "https://opencollective.com/postcss/"
      }
    },
    "node_modules/react": {
      "version": "19.1.1",
      "resolved": "https://registry.npmjs.org/react/-/react-19.1.1.tgz",
      "integrity": "sha512-j6gBfYUyk0gEM2+23c21Fw27iYnw/G+QeU19xAqh9q04V2oV5E0kEa8M6763n2X1iY4+5Q21tT8/lbu38y+jQ==",
      "dependencies": {
        "loose-envify": "^1.1.0"
      },
      "engines": {
        "node": ">=18.0.0"
      }
    },
    "node_modules/react-dom": {
      "version": "19.1.1",
      "resolved": "https://registry.npmjs.org/react-dom/-/react-dom-19.1.1.tgz",
      "integrity": "sha512-oHhEpxp7jSDEj+7FmOaQOMLC2yW9p44KzC9g1U8l1o1D4a12xJzEa/mXp77nKcFbH6I43AnSCgnsyK69w==",
      "dependencies": {
        "loose-envify": "^1.1.0"
      },
      "engines": {
        "node": ">=18.0.0"
      },
      "peerDependencies": {
        "react": "19.1.1"
      }
    },
    "node_modules/resolve.exports": {
      "version": "2.0.2",
      "resolved": "https://registry.npmjs.org/resolve.exports/-/resolve.exports-2.0.2.tgz",
      "integrity": "sha512-CULT3rS04P2ewX11CYVAYEsB6y4Z3sLwBf0vODs2bL7z2o2b3tIeQ2NssD9Rj2oa1CVd42zYy0Z3sWbcsOKv6g==",
      "dev": true,
      "engines": {
        "node": ">=10"
      },
      "funding": {
        "url": "https://github.com/sponsors/lukeed"
      }
    },
    "node_modules/rollup": {
      "version": "4.18.1",
      "resolved": "https://registry.npmjs.org/rollup/-/rollup-4.18.1.tgz",
      "integrity": "sha512-aMvMTTGAg84tPz0SgE/+O3d2Sj25yL45iT3b2nNbDAyNVb5B3yD8V+jD+K4I1Q4iYyQAb+rM4lE7hMhW4lM2Wg==",
      "dev": true,
      "bin": {
        "rollup": "dist/bin/rollup"
      },
      "engines": {
        "node": ">=18.0.0",
        "npm": ">=8.0.0"
      },
      "optionalDependencies": {
        "@rollup/rollup-android-arm-eabi": "4.18.1",
        "@rollup/rollup-android-arm64": "4.18.1",
        "@rollup/rollup-darwin-arm64": "4.18.1",
        "@rollup/rollup-darwin-x64": "4.18.1",
        "@rollup/rollup-linux-arm-gnueabihf": "4.18.1",
        "uncommitted": "node_modules/@rollup/rollup-linux-arm64-gnu",
        "@rollup/rollup-linux-arm64-gnu": "4.18.1",
        "uncommitted": "node_modules/@rollup/rollup-linux-arm64-musl",
        "@rollup/rollup-linux-arm64-musl": "4.18.1",
        "uncommitted": "node_modules/@rollup/rollup-linux-x64-gnu",
        "@rollup/rollup-linux-x64-gnu": "4.18.1",
        "uncommitted": "node_modules/@rollup/rollup-linux-x64-musl",
        "@rollup/rollup-linux-x64-musl": "4.18.1",
        "uncommitted": "node_modules/@rollup/rollup-win32-arm64-msvc",
        "@rollup/rollup-win32-arm64-msvc": "4.18.1",
        "uncommitted": "node_modules/@rollup/rollup-win32-ia32-msvc",
        "@rollup/rollup-win32-ia32-msvc": "4.18.1",
        "uncommitted": "node_modules/@rollup/rollup-win32-x64-msvc",
        "@rollup/rollup-win32-x64-msvc": "4.18.1",
        "uncommitted": "node_modules/fsevents",
        "fsevents": "~2.3.2"
      }
    },
    "node_modules/semver": {
      "version": "7.6.3",
      "resolved": "https://registry.npmjs.org/semver/-/semver-7.6.3.tgz",
      "integrity": "sha512-L99mH13avv7s5iXHoIpyi/330k8p23TAGaj262T7r2hXMM68F3IrfZ8T/CAtU8xGijw+29P1yrQ3/z5j9LMPYA==",
      "dev": true,
      "dependencies": {
        "lru-cache": "^6.0.0"
      },
      "bin": {
        "semver": "bin/semver.js"
      },
      "engines": {
        "node": ">=10"
      }
    },
    "node_modules/source-map-js": {
      "version": "1.2.0",
      "resolved": "https://registry.npmjs.org/source-map-js/-/source-map-js-1.2.0.tgz",
      "integrity": "sha512-itJW8lvSA0i1O6CumULq2Hi94N1CMwvgp43V0LpA2yU1sWp0dHOLp2XW6yN329gTihg+bY3pE28LzW9/20GgA==",
      "dev": true,
      "engines": {
        "node": ">=0.10.0"
      }
    },
    "node_modules/tr46": {
      "version": "0.0.3",
      "resolved": "https://registry.npmjs.org/tr46/-/tr46-0.0.3.tgz",
      "integrity": "sha512-N3WMptIN2l2dsxLJveJhXl2W4i6B3stDRi6ZGSaNsU5+i62V4FDLv2I0zLhT6esQzDNV1xS0G//z1rAti9dthA=="
    },
    "node_modules/typescript": {
      "version": "5.5.3",
      "resolved": "https://registry.npmjs.org/typescript/-/typescript-5.5.3.tgz",
      "integrity": "sha512-UMr+t9SS3v20iRtyCwVp5+iBvMruaoMyk54fH/8ppd9I+T19KzJLSrw2yv7ZHPGPGXTCb/HeB2G/ok5g+mBv+g==",
      "dev": true,
      "bin": {
        "tsc": "bin/tsc",
        "tsserver": "bin/tsserver"
      },
      "engines": {
        "node": ">=14.17"
      }
    },
    "node_modules/undici-types": {
      "version": "5.26.5",
      "resolved": "https://registry.npmjs.org/undici-types/-/undici-types-5.26.5.tgz",
      "integrity": "sha512-JlCMO+ehdEIKqlFxk6IfVoAUVmgz7cU7zD/h9XZ0qzeosSHmUJVOzSQvvYSYWXkFXC+IfLKSIffhv0sVZup6pA==",
      "dev": true
    },
    "node_modules/vite": {
      "version": "5.3.4",
      "resolved": "https://registry.npmjs.org/vite/-/vite-5.3.4.tgz",
      "integrity": "sha512-Y1+N5U5+gQ20tSNAlL+3WpQxIJq2xKj9K+dw+WZuO50yY+87dDBjI9t7MbyD1w+TQI3F93WjR9LpT9R/54qKew==",
      "dev": true,
      "dependencies": {
        "esbuild": "^0.21.3",
        "postcss": "^8.4.38",
        "resolve.exports": "^2.0.2",
        "rollup": "^4.18.0"
      },
      "bin": {
        "vite": "bin/vite.js"
      },
      "engines": {
        "node": "^18.0.0 || >=20.0.0"
      },
      "funding": {
        "url": "https://github.com/sponsors/yyx990803"
      },
      "optionalDependencies": {
        "fsevents": "~2.3.3"
      },
      "peerDependencies": {
        "@types/node": ">=18.0.0",
        "sass": "*",
        "stylus": "*",
        "sugarss": "*",
        "terser": "^5.4.0"
      },
      "peerDependenciesMeta": {
        "@types/node": {
          "optional": true
        },
        "sass": {
          "optional": true
        },
        "stylus": {
          "optional": true
        },
        "sugarss": {
          "optional": true
        },
        "terser": {
          "optional": true
        }
      }
    },
    "node_modules/webidl-conversions": {
      "version": "3.0.1",
      "resolved": "https://registry.npmjs.org/webidl-conversions/-/webidl-conversions-3.0.1.tgz",
      "integrity": "sha512-2JAn3z8AR6rjK8UguYyOhmcunEno6hPKiLDUiwSZxB+KPYafCb7eKV0Bmsg5yXerxEsp0xyb/3OD8C1vNLIQvg=="
    },
    "node_modules/whatwg-url": {
      "version": "5.0.0",
      "resolved": "https://registry.npmjs.org/whatwg-url/-/whatwg-url-5.0.0.tgz",
      "integrity": "sha512-saE57nup5q6otPXbseE3P29BfEud5mABiRMAvalqCiP+H+GDY2eCmzEUx+lCs3Z2asV1oFRiSoH2CnUa1gE+4w==",
      "dependencies": {
        "tr46": "~0.0.3",
        "webidl-conversions": "^3.0.1"
      }
    },
    "node_modules/yallist": {
      "version": "4.0.0",
      "resolved": "https://registry.npmjs.org/yallist/-/yallist-4.0.0.tgz",
      "integrity": "sha512-3wdGidZyq5PAVflMs4DuneuOA7O7KcBJsLtLpJ+EQ2AbVYxLE2B+mh2gp3LgkWZ6c3Hae8XTEoB5+mA44TVuaQ==",
      "dev": true
    }
  }
}
